Microsoft Visual Studio Solution File, Format Version 12.00
# Visual Studio Version 17
VisualStudioVersion = 17.11.35303.130
MinimumVisualStudioVersion = 15.0.26730.12
Project("{9A19103F-16F7-4668-BE54-9A1E7A4F7556}") = "Client", "Client\Client.csproj", "{D4DCF868-A625-4B0B-BB20-C150553A6548}"
EndProject
Project("{9A19103F-16F7-4668-BE54-9A1E7A4F7556}") = "Sales.Contracts", "Sales.Contracts\Sales.Contracts.csproj", "{F6DE8266-1F56-4241-965C-2DDBB76CEC1E}"
EndProject
Project("{9A19103F-16F7-4668-BE54-9A1E7A4F7556}") = "Sales", "Sales\Sales.csproj", "{CD42E5DF-D4A7-4933-8017-1398B2E9560F}"
EndProject
Project("{9A19103F-16F7-4668-BE54-9A1E7A4F7556}") = "Shipping", "Shipping\Shipping.csproj", "{41F0D809-8FA4-4139-9131-09441D69AFB1}"
EndProject
Project("{FAE04EC0-301F-11D3-BF4B-00C04F79EFBC}") = "AppHost", "AppHost\AppHost.csproj", "{392EA528-EF65-474D-93F3-330BC22052A1}"
EndProject
Project("{9A19103F-16F7-4668-BE54-9A1E7A4F7556}") = "ServiceDefaults", "ServiceDefaults\ServiceDefaults.csproj", "{AAB033C1-22EA-410B-A237-25B9E832F0E5}"
EndProject
Project("{FAE04EC0-301F-11D3-BF4B-00C04F79EFBC}") = "Payments", "Payments\Payments.csproj", "{CF0E2D8D-9BF6-4178-9B47-DADAF77BA1FE}"
EndProject
Project("{FAE04EC0-301F-11D3-BF4B-00C04F79EFBC}") = "CustomerSatisfaction", "CustomerSatisfaction\CustomerSatisfaction.csproj", "{771963DC-2931-43C1-862E-58AE29393628}"
EndProject
Project("{2150E333-8FDC-42A3-9474-1A3956D46DE8}") = "Aspire", "Aspire", "{1B8ABB45-D139-4C3C-8950-1EA2AEB21761}"
EndProject
Project("{2150E333-8FDC-42A3-9474-1A3956D46DE8}") = "Sales", "Sales", "{EEB9C400-2BF0-497E-B887-D9B338C7470B}"
EndProject
Project("{2150E333-8FDC-42A3-9474-1A3956D46DE8}") = "CustomerSatisfaction", "CustomerSatisfaction", "{DFB9C48F-8AE4-4D7E-8F08-6EA67DF7E56E}"
EndProject
Project("{2150E333-8FDC-42A3-9474-1A3956D46DE8}") = "Shipping", "Shipping", "{4123627B-988D-49CA-8311-BC8F4D353B68}"
EndProject
Project("{2150E333-8FDC-42A3-9474-1A3956D46DE8}") = "Payments", "Payments", "{A62B6ED1-6C8F-4E51-AFA8-6A94282B37C3}"
EndProject
Project("{FAE04EC0-301F-11D3-BF4B-00C04F79EFBC}") = "Shipping.Contracts", "Shipping.Contracts\Shipping.Contracts.csproj", "{C2B86FC1-7DF7-4C9A-972A-94D095F3401D}"
EndProject
Global
	GlobalSection(SolutionConfigurationPlatforms) = preSolution
		Debug|Any CPU = Debug|Any CPU
		Release|Any CPU = Release|Any CPU
	EndGlobalSection
	GlobalSection(ProjectConfigurationPlatforms) = postSolution
		{D4DCF868-A625-4B0B-BB20-C150553A6548}.Debug|Any CPU.ActiveCfg = Debug|Any CPU
		{D4DCF868-A625-4B0B-BB20-C150553A6548}.Debug|Any CPU.Build.0 = Debug|Any CPU
		{D4DCF868-A625-4B0B-BB20-C150553A6548}.Release|Any CPU.ActiveCfg = Release|Any CPU
		{D4DCF868-A625-4B0B-BB20-C150553A6548}.Release|Any CPU.Build.0 = Release|Any CPU
		{F6DE8266-1F56-4241-965C-2DDBB76CEC1E}.Debug|Any CPU.ActiveCfg = Debug|Any CPU
		{F6DE8266-1F56-4241-965C-2DDBB76CEC1E}.Debug|Any CPU.Build.0 = Debug|Any CPU
		{F6DE8266-1F56-4241-965C-2DDBB76CEC1E}.Release|Any CPU.ActiveCfg = Release|Any CPU
		{F6DE8266-1F56-4241-965C-2DDBB76CEC1E}.Release|Any CPU.Build.0 = Release|Any CPU
		{CD42E5DF-D4A7-4933-8017-1398B2E9560F}.Debug|Any CPU.ActiveCfg = Debug|Any CPU
		{CD42E5DF-D4A7-4933-8017-1398B2E9560F}.Debug|Any CPU.Build.0 = Debug|Any CPU
		{CD42E5DF-D4A7-4933-8017-1398B2E9560F}.Release|Any CPU.ActiveCfg = Release|Any CPU
		{CD42E5DF-D4A7-4933-8017-1398B2E9560F}.Release|Any CPU.Build.0 = Release|Any CPU
		{41F0D809-8FA4-4139-9131-09441D69AFB1}.Debug|Any CPU.ActiveCfg = Debug|Any CPU
		{41F0D809-8FA4-4139-9131-09441D69AFB1}.Debug|Any CPU.Build.0 = Debug|Any CPU
		{41F0D809-8FA4-4139-9131-09441D69AFB1}.Release|Any CPU.ActiveCfg = Release|Any CPU
		{41F0D809-8FA4-4139-9131-09441D69AFB1}.Release|Any CPU.Build.0 = Release|Any CPU
		{392EA528-EF65-474D-93F3-330BC22052A1}.Debug|Any CPU.ActiveCfg = Debug|Any CPU
		{392EA528-EF65-474D-93F3-330BC22052A1}.Debug|Any CPU.Build.0 = Debug|Any CPU
		{392EA528-EF65-474D-93F3-330BC22052A1}.Release|Any CPU.ActiveCfg = Release|Any CPU
		{392EA528-EF65-474D-93F3-330BC22052A1}.Release|Any CPU.Build.0 = Release|Any CPU
		{AAB033C1-22EA-410B-A237-25B9E832F0E5}.Debug|Any CPU.ActiveCfg = Debug|Any CPU
		{AAB033C1-22EA-410B-A237-25B9E832F0E5}.Debug|Any CPU.Build.0 = Debug|Any CPU
		{AAB033C1-22EA-410B-A237-25B9E832F0E5}.Release|Any CPU.ActiveCfg = Release|Any CPU
		{AAB033C1-22EA-410B-A237-25B9E832F0E5}.Release|Any CPU.Build.0 = Release|Any CPU
		{CF0E2D8D-9BF6-4178-9B47-DADAF77BA1FE}.Debug|Any CPU.ActiveCfg = Debug|Any CPU
		{CF0E2D8D-9BF6-4178-9B47-DADAF77BA1FE}.Debug|Any CPU.Build.0 = Debug|Any CPU
		{CF0E2D8D-9BF6-4178-9B47-DADAF77BA1FE}.Release|Any CPU.ActiveCfg = Release|Any CPU
		{CF0E2D8D-9BF6-4178-9B47-DADAF77BA1FE}.Release|Any CPU.Build.0 = Release|Any CPU
		{771963DC-2931-43C1-862E-58AE29393628}.Debug|Any CPU.ActiveCfg = Debug|Any CPU
		{771963DC-2931-43C1-862E-58AE29393628}.Debug|Any CPU.Build.0 = Debug|Any CPU
		{771963DC-2931-43C1-862E-58AE29393628}.Release|Any CPU.ActiveCfg = Release|Any CPU
		{771963DC-2931-43C1-862E-58AE29393628}.Release|Any CPU.Build.0 = Release|Any CPU
		{C2B86FC1-7DF7-4C9A-972A-94D095F3401D}.Debug|Any CPU.ActiveCfg = Debug|Any CPU
		{C2B86FC1-7DF7-4C9A-972A-94D095F3401D}.Debug|Any CPU.Build.0 = Debug|Any CPU
		{C2B86FC1-7DF7-4C9A-972A-94D095F3401D}.Release|Any CPU.ActiveCfg = Release|Any CPU
		{C2B86FC1-7DF7-4C9A-972A-94D095F3401D}.Release|Any CPU.Build.0 = Release|Any CPU
	EndGlobalSection
	GlobalSection(SolutionProperties) = preSolution
		HideSolutionNode = FALSE
	EndGlobalSection
	GlobalSection(NestedProjects) = preSolution
		{AAB033C1-22EA-410B-A237-25B9E832F0E5} = {1B8ABB45-D139-4C3C-8950-1EA2AEB21761}
		{392EA528-EF65-474D-93F3-330BC22052A1} = {1B8ABB45-D139-4C3C-8950-1EA2AEB21761}
		{CD42E5DF-D4A7-4933-8017-1398B2E9560F} = {EEB9C400-2BF0-497E-B887-D9B338C7470B}
		{D4DCF868-A625-4B0B-BB20-C150553A6548} = {EEB9C400-2BF0-497E-B887-D9B338C7470B}
		{771963DC-2931-43C1-862E-58AE29393628} = {DFB9C48F-8AE4-4D7E-8F08-6EA67DF7E56E}
		{41F0D809-8FA4-4139-9131-09441D69AFB1} = {4123627B-988D-49CA-8311-BC8F4D353B68}
		{CF0E2D8D-9BF6-4178-9B47-DADAF77BA1FE} = {A62B6ED1-6C8F-4E51-AFA8-6A94282B37C3}
		{C2B86FC1-7DF7-4C9A-972A-94D095F3401D} = {4123627B-988D-49CA-8311-BC8F4D353B68}
		{F6DE8266-1F56-4241-965C-2DDBB76CEC1E} = {EEB9C400-2BF0-497E-B887-D9B338C7470B}
	EndGlobalSection
EndGlobal
