Microsoft Visual Studio Solution File, Format Version 12.00
# Visual Studio Version 17
VisualStudioVersion = 17.11.35303.130
MinimumVisualStudioVersion = 15.0.26730.12
Project("{9A19103F-16F7-4668-BE54-9A1E7A4F7556}") = "AccountTransactions", "AccountTransactions\AccountTransactions.csproj", "{41F0D809-8FA4-4139-9131-09441D69AFB1}"
EndProject
Project("{FAE04EC0-301F-11D3-BF4B-00C04F79EFBC}") = "AppHost", "AppHost\AppHost.csproj", "{392EA528-EF65-474D-93F3-330BC22052A1}"
EndProject
Project("{9A19103F-16F7-4668-BE54-9A1E7A4F7556}") = "ServiceDefaults", "ServiceDefaults\ServiceDefaults.csproj", "{AAB033C1-22EA-410B-A237-25B9E832F0E5}"
EndProject
Project("{2150E333-8FDC-42A3-9474-1A3956D46DE8}") = "Aspire", "Aspire", "{1B8ABB45-D139-4C3C-8950-1EA2AEB21761}"
EndProject
Project("{2150E333-8FDC-42A3-9474-1A3956D46DE8}") = "AccountTransactions", "AccountTransactions", "{4123627B-988D-49CA-8311-BC8F4D353B68}"
EndProject
Project("{FAE04EC0-301F-11D3-BF4B-00C04F79EFBC}") = "AccountTransactions.Contracts", "AccountTransactions.Contracts\AccountTransactions.Contracts.csproj", "{C2B86FC1-7DF7-4C9A-972A-94D095F3401D}"
EndProject
Project("{FAE04EC0-301F-11D3-BF4B-00C04F79EFBC}") = "AccountTransactions.Tests", "AccountTransactions.Tests\AccountTransactions.Tests.csproj", "{2FA79E31-71E2-413C-B57D-4A1B32B0D2C1}"
EndProject
Global
	GlobalSection(SolutionConfigurationPlatforms) = preSolution
		Debug|Any CPU = Debug|Any CPU
		Release|Any CPU = Release|Any CPU
	EndGlobalSection
	GlobalSection(ProjectConfigurationPlatforms) = postSolution
		{41F0D809-8FA4-4139-9131-09441D69AFB1}.Debug|Any CPU.ActiveCfg = Debug|Any CPU
		{41F0D809-8FA4-4139-9131-09441D69AFB1}.Debug|Any CPU.Build.0 = Debug|Any CPU
		{41F0D809-8FA4-4139-9131-09441D69AFB1}.Release|Any CPU.ActiveCfg = Release|Any CPU
		{41F0D809-8FA4-4139-9131-09441D69AFB1}.Release|Any CPU.Build.0 = Release|Any CPU
		{392EA528-EF65-474D-93F3-330BC22052A1}.Debug|Any CPU.ActiveCfg = Debug|Any CPU
		{392EA528-EF65-474D-93F3-330BC22052A1}.Debug|Any CPU.Build.0 = Debug|Any CPU
		{392EA528-EF65-474D-93F3-330BC22052A1}.Release|Any CPU.ActiveCfg = Release|Any CPU
		{392EA528-EF65-474D-93F3-330BC22052A1}.Release|Any CPU.Build.0 = Release|Any CPU
		{AAB033C1-22EA-410B-A237-25B9E832F0E5}.Debug|Any CPU.ActiveCfg = Debug|Any CPU
		{AAB033C1-22EA-410B-A237-25B9E832F0E5}.Debug|Any CPU.Build.0 = Debug|Any CPU
		{AAB033C1-22EA-410B-A237-25B9E832F0E5}.Release|Any CPU.ActiveCfg = Release|Any CPU
		{AAB033C1-22EA-410B-A237-25B9E832F0E5}.Release|Any CPU.Build.0 = Release|Any CPU
		{C2B86FC1-7DF7-4C9A-972A-94D095F3401D}.Debug|Any CPU.ActiveCfg = Debug|Any CPU
		{C2B86FC1-7DF7-4C9A-972A-94D095F3401D}.Debug|Any CPU.Build.0 = Debug|Any CPU
		{C2B86FC1-7DF7-4C9A-972A-94D095F3401D}.Release|Any CPU.ActiveCfg = Release|Any CPU
		{C2B86FC1-7DF7-4C9A-972A-94D095F3401D}.Release|Any CPU.Build.0 = Release|Any CPU
		{2FA79E31-71E2-413C-B57D-4A1B32B0D2C1}.Debug|Any CPU.ActiveCfg = Debug|Any CPU
		{2FA79E31-71E2-413C-B57D-4A1B32B0D2C1}.Debug|Any CPU.Build.0 = Debug|Any CPU
		{2FA79E31-71E2-413C-B57D-4A1B32B0D2C1}.Release|Any CPU.ActiveCfg = Release|Any CPU
		{2FA79E31-71E2-413C-B57D-4A1B32B0D2C1}.Release|Any CPU.Build.0 = Release|Any CPU
	EndGlobalSection
	GlobalSection(SolutionProperties) = preSolution
		HideSolutionNode = FALSE
	EndGlobalSection
	GlobalSection(NestedProjects) = preSolution
		{AAB033C1-22EA-410B-A237-25B9E832F0E5} = {1B8ABB45-D139-4C3C-8950-1EA2AEB21761}
		{392EA528-EF65-474D-93F3-330BC22052A1} = {1B8ABB45-D139-4C3C-8950-1EA2AEB21761}
		{41F0D809-8FA4-4139-9131-09441D69AFB1} = {4123627B-988D-49CA-8311-BC8F4D353B68}
		{C2B86FC1-7DF7-4C9A-972A-94D095F3401D} = {4123627B-988D-49CA-8311-BC8F4D353B68}
		{2FA79E31-71E2-413C-B57D-4A1B32B0D2C1} = {4123627B-988D-49CA-8311-BC8F4D353B68}
	EndGlobalSection
EndGlobal
